
Microsoft Visual Studio Solution File, Format Version 12.00
# Visual Studio Version 17
VisualStudioVersion = 17.11.35312.102
MinimumVisualStudioVersion = 10.0.40219.1
Project("{FAE04EC0-301F-11D3-BF4B-00C04F79EFBC}") = "TreeDH", "TreeDH\TreeDH.csproj", "{716CA568-453C-46F5-93D3-CFA0E852BE20}"
EndProject
Global
	GlobalSection(SolutionConfigurationPlatforms) = preSolution
		Debug|Any CPU = Debug|Any CPU
		Release|Any CPU = Release|Any CPU
	EndGlobalSection
	GlobalSection(ProjectConfigurationPlatforms) = postSolution
		{716CA568-453C-46F5-93D3-CFA0E852BE20}.Debug|Any CPU.ActiveCfg = Debug|Any CPU
		{716CA568-453C-46F5-93D3-CFA0E852BE20}.Debug|Any CPU.Build.0 = Debug|Any CPU
		{716CA568-453C-46F5-93D3-CFA0E852BE20}.Release|Any CPU.ActiveCfg = Release|Any CPU
		{716CA568-453C-46F5-93D3-CFA0E852BE20}.Release|Any CPU.Build.0 = Release|Any CPU
	EndGlobalSection
	GlobalSection(SolutionProperties) = preSolution
		HideSolutionNode = FALSE
	EndGlobalSection
	GlobalSection(ExtensibilityGlobals) = postSolution
		SolutionGuid = {66DF6065-4B43-4F4D-98D2-89DEBB0CD7B9}
	EndGlobalSection
EndGlobal
